
Microsoft Visual Studio Solution File, Format Version 12.00
# Visual Studio Version 16
VisualStudioVersion = 16.0.31424.327
MinimumVisualStudioVersion = 10.0.40219.1
Project("{9A19103F-16F7-4668-BE54-9A1E7A4F7556}") = "DataTransit", "DataTransit.csproj", "{4E532694-D872-4B50-8DC7-E8CFDDA0040C}"
EndProject
Project("{9A19103F-16F7-4668-BE54-9A1E7A4F7556}") = "DataTransitApp", "..\DataTransitApp\DataTransitApp.csproj", "{B7501907-3AB0-48A7-8BFB-47820A3DB6EE}"
EndProject
Global
	GlobalSection(SolutionConfigurationPlatforms) = preSolution
		Debug|Any CPU = Debug|Any CPU
		Release|Any CPU = Release|Any CPU
	EndGlobalSection
	GlobalSection(ProjectConfigurationPlatforms) = postSolution
		{4E532694-D872-4B50-8DC7-E8CFDDA0040C}.Debug|Any CPU.ActiveCfg = Debug|Any CPU
		{4E532694-D872-4B50-8DC7-E8CFDDA0040C}.Debug|Any CPU.Build.0 = Debug|Any CPU
		{4E532694-D872-4B50-8DC7-E8CFDDA0040C}.Release|Any CPU.ActiveCfg = Release|Any CPU
		{4E532694-D872-4B50-8DC7-E8CFDDA0040C}.Release|Any CPU.Build.0 = Release|Any CPU
		{B7501907-3AB0-48A7-8BFB-47820A3DB6EE}.Debug|Any CPU.ActiveCfg = Debug|Any CPU
		{B7501907-3AB0-48A7-8BFB-47820A3DB6EE}.Debug|Any CPU.Build.0 = Debug|Any CPU
		{B7501907-3AB0-48A7-8BFB-47820A3DB6EE}.Release|Any CPU.ActiveCfg = Release|Any CPU
		{B7501907-3AB0-48A7-8BFB-47820A3DB6EE}.Release|Any CPU.Build.0 = Release|Any CPU
	EndGlobalSection
	GlobalSection(SolutionProperties) = preSolution
		HideSolutionNode = FALSE
	EndGlobalSection
	GlobalSection(ExtensibilityGlobals) = postSolution
		SolutionGuid = {AC987567-4AC6-4A28-87E7-D2A4E9B1D78F}
	EndGlobalSection
EndGlobal
